
Microsoft Visual Studio Solution File, Format Version 12.00
# Visual Studio Version 17
VisualStudioVersion = 17.0.31903.59
MinimumVisualStudioVersion = 10.0.40219.1
Project("{2150E333-8FDC-42A3-9474-1A3956D46DE8}") = "src", "src", "{FF1950A6-1C8A-4CEC-9549-ACF274661126}"
EndProject
Project("{FAE04EC0-301F-11D3-BF4B-00C04F79EFBC}") = "Domain", "src\Domain\Domain.csproj", "{57904A2D-1236-44BD-8251-F19AFB8CA969}"
EndProject
Project("{FAE04EC0-301F-11D3-BF4B-00C04F79EFBC}") = "Application", "src\Application\Application.csproj", "{7F3784A6-1FFD-4745-B1EE-315BCA12F4C9}"
EndProject
Project("{FAE04EC0-301F-11D3-BF4B-00C04F79EFBC}") = "Infrastructure", "src\Infrastructure\Infrastructure.csproj", "{9C23CC8A-EE67-4497-83BB-0462C25C3772}"
EndProject
Project("{FAE04EC0-301F-11D3-BF4B-00C04F79EFBC}") = "WebAPI", "src\WebAPI\WebAPI.csproj", "{C3126B58-D951-4B76-B5C8-957E22D30CEC}"
EndProject
Project("{FAE04EC0-301F-11D3-BF4B-00C04F79EFBC}") = "Contracts", "src\Contracts\Contracts.csproj", "{32F69F32-37C2-4AB2-8651-8D71BE41A051}"
EndProject
Project("{FAE04EC0-301F-11D3-BF4B-00C04F79EFBC}") = "SDK", "src\SDK\SDK.csproj", "{B8B1D56E-87E5-497E-9664-3FF7E885403D}"
EndProject
Global
	GlobalSection(SolutionConfigurationPlatforms) = preSolution
		Debug|Any CPU = Debug|Any CPU
		Release|Any CPU = Release|Any CPU
	EndGlobalSection
	GlobalSection(SolutionProperties) = preSolution
		HideSolutionNode = FALSE
	EndGlobalSection
	GlobalSection(ProjectConfigurationPlatforms) = postSolution
		{57904A2D-1236-44BD-8251-F19AFB8CA969}.Debug|Any CPU.ActiveCfg = Debug|Any CPU
		{57904A2D-1236-44BD-8251-F19AFB8CA969}.Debug|Any CPU.Build.0 = Debug|Any CPU
		{57904A2D-1236-44BD-8251-F19AFB8CA969}.Release|Any CPU.ActiveCfg = Release|Any CPU
		{57904A2D-1236-44BD-8251-F19AFB8CA969}.Release|Any CPU.Build.0 = Release|Any CPU
		{7F3784A6-1FFD-4745-B1EE-315BCA12F4C9}.Debug|Any CPU.ActiveCfg = Debug|Any CPU
		{7F3784A6-1FFD-4745-B1EE-315BCA12F4C9}.Debug|Any CPU.Build.0 = Debug|Any CPU
		{7F3784A6-1FFD-4745-B1EE-315BCA12F4C9}.Release|Any CPU.ActiveCfg = Release|Any CPU
		{7F3784A6-1FFD-4745-B1EE-315BCA12F4C9}.Release|Any CPU.Build.0 = Release|Any CPU
		{9C23CC8A-EE67-4497-83BB-0462C25C3772}.Debug|Any CPU.ActiveCfg = Debug|Any CPU
		{9C23CC8A-EE67-4497-83BB-0462C25C3772}.Debug|Any CPU.Build.0 = Debug|Any CPU
		{9C23CC8A-EE67-4497-83BB-0462C25C3772}.Release|Any CPU.ActiveCfg = Release|Any CPU
		{9C23CC8A-EE67-4497-83BB-0462C25C3772}.Release|Any CPU.Build.0 = Release|Any CPU
		{C3126B58-D951-4B76-B5C8-957E22D30CEC}.Debug|Any CPU.ActiveCfg = Debug|Any CPU
		{C3126B58-D951-4B76-B5C8-957E22D30CEC}.Debug|Any CPU.Build.0 = Debug|Any CPU
		{C3126B58-D951-4B76-B5C8-957E22D30CEC}.Release|Any CPU.ActiveCfg = Release|Any CPU
		{C3126B58-D951-4B76-B5C8-957E22D30CEC}.Release|Any CPU.Build.0 = Release|Any CPU
		{32F69F32-37C2-4AB2-8651-8D71BE41A051}.Debug|Any CPU.ActiveCfg = Debug|Any CPU
		{32F69F32-37C2-4AB2-8651-8D71BE41A051}.Debug|Any CPU.Build.0 = Debug|Any CPU
		{32F69F32-37C2-4AB2-8651-8D71BE41A051}.Release|Any CPU.ActiveCfg = Release|Any CPU
		{32F69F32-37C2-4AB2-8651-8D71BE41A051}.Release|Any CPU.Build.0 = Release|Any CPU
		{B8B1D56E-87E5-497E-9664-3FF7E885403D}.Debug|Any CPU.ActiveCfg = Debug|Any CPU
		{B8B1D56E-87E5-497E-9664-3FF7E885403D}.Debug|Any CPU.Build.0 = Debug|Any CPU
		{B8B1D56E-87E5-497E-9664-3FF7E885403D}.Release|Any CPU.ActiveCfg = Release|Any CPU
		{B8B1D56E-87E5-497E-9664-3FF7E885403D}.Release|Any CPU.Build.0 = Release|Any CPU
	EndGlobalSection
	GlobalSection(NestedProjects) = preSolution
		{57904A2D-1236-44BD-8251-F19AFB8CA969} = {FF1950A6-1C8A-4CEC-9549-ACF274661126}
		{7F3784A6-1FFD-4745-B1EE-315BCA12F4C9} = {FF1950A6-1C8A-4CEC-9549-ACF274661126}
		{9C23CC8A-EE67-4497-83BB-0462C25C3772} = {FF1950A6-1C8A-4CEC-9549-ACF274661126}
		{C3126B58-D951-4B76-B5C8-957E22D30CEC} = {FF1950A6-1C8A-4CEC-9549-ACF274661126}
		{32F69F32-37C2-4AB2-8651-8D71BE41A051} = {FF1950A6-1C8A-4CEC-9549-ACF274661126}
		{B8B1D56E-87E5-497E-9664-3FF7E885403D} = {FF1950A6-1C8A-4CEC-9549-ACF274661126}
	EndGlobalSection
EndGlobal
